
Microsoft Visual Studio Solution File, Format Version 12.00
# Visual Studio Version 16
VisualStudioVersion = 16.0.34301.259
MinimumVisualStudioVersion = 10.0.40219.1
Project("{FAE04EC0-301F-11D3-BF4B-00C04F79EFBC}") = "PRAK3", "PRAK3\PRAK3.csproj", "{7055320B-7729-43F9-B703-A1FD6B62175A}"
EndProject
Global
	GlobalSection(SolutionConfigurationPlatforms) = preSolution
		Debug|Any CPU = Debug|Any CPU
		Release|Any CPU = Release|Any CPU
	EndGlobalSection
	GlobalSection(ProjectConfigurationPlatforms) = postSolution
		{7055320B-7729-43F9-B703-A1FD6B62175A}.Debug|Any CPU.ActiveCfg = Debug|Any CPU
		{7055320B-7729-43F9-B703-A1FD6B62175A}.Debug|Any CPU.Build.0 = Debug|Any CPU
		{7055320B-7729-43F9-B703-A1FD6B62175A}.Release|Any CPU.ActiveCfg = Release|Any CPU
		{7055320B-7729-43F9-B703-A1FD6B62175A}.Release|Any CPU.Build.0 = Release|Any CPU
	EndGlobalSection
	GlobalSection(SolutionProperties) = preSolution
		HideSolutionNode = FALSE
	EndGlobalSection
	GlobalSection(ExtensibilityGlobals) = postSolution
		SolutionGuid = {A5D55B7C-DC56-46ED-B678-F80088976F72}
	EndGlobalSection
EndGlobal
